<?xml version="1.0" encoding="utf-8"?>
<Project ToolsVersion="4.0" xmlns="http://schemas.microsoft.com/developer/msbuild/2003">
  <ItemGroup>
    <Filter Include="Pliki źródłowe">
      <UniqueIdentifier>{4FC737F1-C7A5-4376-A066-2A32D752A2FF}</UniqueIdentifier>
      <Extensions>cpp;c;cc;cxx;c++;cppm;ixx;def;odl;idl;hpj;bat;asm;asmx</Extensions>
    </Filter>
    <Filter Include="Pliki nagłówkowe">
      <UniqueIdentifier>{93995380-89BD-4b04-88EB-625FBE52EBFB}</UniqueIdentifier>
      <Extensions>h;hh;hpp;hxx;h++;hm;inl;inc;ipp;xsd</Extensions>
    </Filter>
    <Filter Include="Pliki zasobów">
      <UniqueIdentifier>{67DA6AB6-F800-4c08-8B7A-83BB121AAD01}</UniqueIdentifier>
      <Extensions>rc;ico;cur;bmp;dlg;rc2;rct;bin;rgs;gif;jpg;jpeg;jpe;resx;tiff;tif;png;wav;mfcribbon-ms</Extensions>
    </Filter>
  </ItemGroup>
  <ItemGroup>
    <ClCompile Include="Gwint.cpp">
      <Filter>Pliki źródłowe</Filter>
    </ClCompile>
    <ClCompile Include="Menu.cpp">
      <Filter>Pliki źródłowe</Filter>
    </ClCompile>
    <ClCompile Include="Colors.cpp">
      <Filter>Pliki źródłowe</Filter>
    </ClCompile>
    <ClCompile Include="Card.cpp">
      <Filter>Pliki źródłowe</Filter>
    </ClCompile>
    <ClCompile Include="settings.cpp">
      <Filter>Pliki źródłowe</Filter>
    </ClCompile>
    <ClCompile Include="Images.cpp">
      <Filter>Pliki źródłowe</Filter>
    </ClCompile>
    <ClCompile Include="Fonts.cpp">
      <Filter>Pliki źródłowe</Filter>
    </ClCompile>
    <ClCompile Include="Skills.cpp">
      <Filter>Pliki źródłowe</Filter>
    </ClCompile>
    <ClCompile Include="AllSkills.cpp">
      <Filter>Pliki źródłowe</Filter>
    </ClCompile>
    <ClCompile Include="CardList.cpp">
      <Filter>Pliki źródłowe</Filter>
    </ClCompile>
    <ClCompile Include="CardsToSelect.cpp">
      <Filter>Pliki źródłowe</Filter>
    </ClCompile>
    <ClCompile Include="Button.cpp">
      <Filter>Pliki źródłowe</Filter>
    </ClCompile>
    <ClCompile Include="OtherFunctions.cpp">
      <Filter>Pliki źródłowe</Filter>
    </ClCompile>
    <ClCompile Include="DeckManager.cpp">
      <Filter>Pliki źródłowe</Filter>
    </ClCompile>
    <ClCompile Include="Game.cpp">
      <Filter>Pliki źródłowe</Filter>
    </ClCompile>
    <ClCompile Include="PlayerInfo.cpp">
      <Filter>Pliki źródłowe</Filter>
    </ClCompile>
    <ClCompile Include="CardValues.cpp">
      <Filter>Pliki źródłowe</Filter>
    </ClCompile>
    <ClCompile Include="MainMenu.cpp">
      <Filter>Pliki źródłowe</Filter>
    </ClCompile>
    <ClCompile Include="HistoryStack.cpp">
      <Filter>Pliki źródłowe</Filter>
    </ClCompile>
    <ClCompile Include="HowToPlay.cpp">
      <Filter>Pliki źródłowe</Filter>
    </ClCompile>
  </ItemGroup>
  <ItemGroup>
    <None Include="packages.config" />
  </ItemGroup>
  <ItemGroup>
    <ClInclude Include="Menu.h">
      <Filter>Pliki nagłówkowe</Filter>
    </ClInclude>
    <ClInclude Include="Colors.h">
      <Filter>Pliki nagłówkowe</Filter>
    </ClInclude>
    <ClInclude Include="Card.h">
      <Filter>Pliki nagłówkowe</Filter>
    </ClInclude>
    <ClInclude Include="settings.h">
      <Filter>Pliki nagłówkowe</Filter>
    </ClInclude>
    <ClInclude Include="Images.h">
      <Filter>Pliki nagłówkowe</Filter>
    </ClInclude>
    <ClInclude Include="Fonts.h">
      <Filter>Pliki nagłówkowe</Filter>
    </ClInclude>
    <ClInclude Include="Skills.h">
      <Filter>Pliki nagłówkowe</Filter>
    </ClInclude>
    <ClInclude Include="AllSkills.h">
      <Filter>Pliki nagłówkowe</Filter>
    </ClInclude>
    <ClInclude Include="CardList.h">
      <Filter>Pliki nagłówkowe</Filter>
    </ClInclude>
    <ClInclude Include="CardsToSelect.h">
      <Filter>Pliki nagłówkowe</Filter>
    </ClInclude>
    <ClInclude Include="Button.h">
      <Filter>Pliki nagłówkowe</Filter>
    </ClInclude>
    <ClInclude Include="OtherFunctions.h">
      <Filter>Pliki nagłówkowe</Filter>
    </ClInclude>
    <ClInclude Include="DeckManager.h">
      <Filter>Pliki nagłówkowe</Filter>
    </ClInclude>
    <ClInclude Include="Game.h">
      <Filter>Pliki nagłówkowe</Filter>
    </ClInclude>
    <ClInclude Include="PlayerInfo.h">
      <Filter>Pliki nagłówkowe</Filter>
    </ClInclude>
    <ClInclude Include="CardValues.h">
      <Filter>Pliki nagłówkowe</Filter>
    </ClInclude>
    <ClInclude Include="MainMenu.h">
      <Filter>Pliki nagłówkowe</Filter>
    </ClInclude>
    <ClInclude Include="HistoryStack.h">
      <Filter>Pliki nagłówkowe</Filter>
    </ClInclude>
    <ClInclude Include="HowToPlay.h">
      <Filter>Pliki nagłówkowe</Filter>
    </ClInclude>
    <ClInclude Include="json.hpp">
      <Filter>Pliki nagłówkowe</Filter>
    </ClInclude>
  </ItemGroup>
  <ItemGroup>
    <Text Include="test.txt" />
  </ItemGroup>
  <ItemGroup>
    <Font Include="fonts\Arialic Hollow.ttf" />
    <Font Include="fonts\Baloo-Regular.ttf" />
    <Font Include="fonts\TIMESS__.ttf" />
  </ItemGroup>
  <ItemGroup>
    <Image Include="images\Characters\Bert.png">
      <Filter>Pliki zasobów</Filter>
    </Image>
    <Image Include="images\Characters\Brat Krwi.png">
      <Filter>Pliki zasobów</Filter>
    </Image>
    <Image Include="images\Characters\Czempion Kultu.png">
      <Filter>Pliki zasobów</Filter>
    </Image>
    <Image Include="images\Characters\Empty.png">
      <Filter>Pliki zasobów</Filter>
    </Image>
    <Image Include="images\Characters\Golem.png">
      <Filter>Pliki zasobów</Filter>
    </Image>
    <Image Include="images\Characters\Jelito.png">
      <Filter>Pliki zasobów</Filter>
    </Image>
    <Image Include="images\Characters\Karnotaur.png">
      <Filter>Pliki zasobów</Filter>
    </Image>
    <Image Include="images\Characters\Krokoliszek.png">
      <Filter>Pliki zasobów</Filter>
    </Image>
    <Image Include="images\Characters\Liniux.png">
      <Filter>Pliki zasobów</Filter>
    </Image>
    <Image Include="images\Characters\Mimik.png">
      <Filter>Pliki zasobów</Filter>
    </Image>
    <Image Include="images\Characters\Moloch.png">
      <Filter>Pliki zasobów</Filter>
    </Image>
    <Image Include="images\Characters\Mozdzierz.png">
      <Filter>Pliki zasobów</Filter>
    </Image>
    <Image Include="images\Characters\Ogar Mrozu.png">
      <Filter>Pliki zasobów</Filter>
    </Image>
    <Image Include="images\Characters\Omobamidele.png">
      <Filter>Pliki zasobów</Filter>
    </Image>
    <Image Include="images\Characters\Parazaur.png">
      <Filter>Pliki zasobów</Filter>
    </Image>
    <Image Include="images\Characters\Raptor.png">
      <Filter>Pliki zasobów</Filter>
    </Image>
    <Image Include="images\Characters\Reptilian.png">
      <Filter>Pliki zasobów</Filter>
    </Image>
    <Image Include="images\Characters\Sarkozuch.png">
      <Filter>Pliki zasobów</Filter>
    </Image>
    <Image Include="images\Characters\Serafin.png">
      <Filter>Pliki zasobów</Filter>
    </Image>
    <Image Include="images\Characters\Tarczownik.png">
      <Filter>Pliki zasobów</Filter>
    </Image>
    <Image Include="images\Characters\Terizino.png">
      <Filter>Pliki zasobów</Filter>
    </Image>
    <Image Include="images\Characters\Tytus.png">
      <Filter>Pliki zasobów</Filter>
    </Image>
    <Image Include="images\Characters\Zenon.png">
      <Filter>Pliki zasobów</Filter>
    </Image>
    <Image Include="images\Skills\ArcherSkill.png">
      <Filter>Pliki zasobów</Filter>
    </Image>
    <Image Include="images\Skills\BanishSkill.png">
      <Filter>Pliki zasobów</Filter>
    </Image>
    <Image Include="images\Skills\BrotherhoodSkill.png">
      <Filter>Pliki zasobów</Filter>
    </Image>
    <Image Include="images\Skills\DeadEaterSkill.png">
      <Filter>Pliki zasobów</Filter>
    </Image>
    <Image Include="images\Skills\DeadSkill.png">
      <Filter>Pliki zasobów</Filter>
    </Image>
    <Image Include="images\Skills\ExecutionSkill.png">
      <Filter>Pliki zasobów</Filter>
    </Image>
    <Image Include="images\Skills\HordeSkill.png">
      <Filter>Pliki zasobów</Filter>
    </Image>
    <Image Include="images\Skills\MedicSkill.png">
      <Filter>Pliki zasobów</Filter>
    </Image>
    <Image Include="images\Skills\Melee Circle.png">
      <Filter>Pliki zasobów</Filter>
    </Image>
    <Image Include="images\Skills\MortarSkill.png">
      <Filter>Pliki zasobów</Filter>
    </Image>
    <Image Include="images\Skills\Range Circle.png">
      <Filter>Pliki zasobów</Filter>
    </Image>
    <Image Include="images\Skills\SpySkill.png">
      <Filter>Pliki zasobów</Filter>
    </Image>
    <Image Include="images\Skills\StatCircle.png">
      <Filter>Pliki zasobów</Filter>
    </Image>
    <Image Include="images\Skills\ThiefSkill.png">
      <Filter>Pliki zasobów</Filter>
    </Image>
    <Image Include="images\Skills\TransportSkill.png">
      <Filter>Pliki zasobów</Filter>
    </Image>
    <Image Include="images\UI\CharacterFrame.png">
      <Filter>Pliki zasobów</Filter>
    </Image>
    <Image Include="images\UI\CharacterFrameGold.png">
      <Filter>Pliki zasobów</Filter>
    </Image>
    <Image Include="images\UI\Empty Crystal.png">
      <Filter>Pliki zasobów</Filter>
    </Image>
    <Image Include="images\UI\PurpleCrystal.png">
      <Filter>Pliki zasobów</Filter>
    </Image>
    <Image Include="images\UI\SkillDescr.png">
      <Filter>Pliki zasobów</Filter>
    </Image>
    <Image Include="images\UI\StatFrame.png">
      <Filter>Pliki zasobów</Filter>
    </Image>
    <Image Include="images\UI\TextFrame.png">
      <Filter>Pliki zasobów</Filter>
    </Image>
    <Image Include="images\UI\YellowCrystal.png">
      <Filter>Pliki zasobów</Filter>
    </Image>
    <Image Include="images\UI\ReverseCard.png">
      <Filter>Pliki zasobów</Filter>
    </Image>
    <Image Include="images\Skills\BanishSkillG.png">
      <Filter>Pliki zasobów</Filter>
    </Image>
    <Image Include="images\Skills\DeadEaterSkillG.png">
      <Filter>Pliki zasobów</Filter>
    </Image>
    <Image Include="images\Skills\MedicSkillG.png">
      <Filter>Pliki zasobów</Filter>
    </Image>
    <Image Include="images\Characters\Kiel.png">
      <Filter>Pliki zasobów</Filter>
    </Image>
    <Image Include="images\Characters\Przeraza.png">
      <Filter>Pliki zasobów</Filter>
    </Image>
    <Image Include="images\UI\BlueReverseCard.png">
      <Filter>Pliki zasobów</Filter>
    </Image>
    <Image Include="images\UI\RedReverseCard.png">
      <Filter>Pliki zasobów</Filter>
    </Image>
  </ItemGroup>
</Project>